// !$*UTF8*$!
{
	archiveVersion = 1;
	classes = {
	};
	objectVersion = 46;
	objects = {

/* Begin PBXBuildFile section */
		70B1CDB91C050CF700B19A93 /* main.cpp in Sources */ = {isa = PBXBuildFile; fileRef = 70B1CDB81C050CF700B19A93 /* main.cpp */; };
/* End PBXBuildFile section */

/* Begin PBXCopyFilesBuildPhase section */
		70B1CDB31C050CF700B19A93 /* CopyFiles */ = {
			isa = PBXCopyFilesBuildPhase;
			buildActionMask = 2147483647;
			dstPath = /usr/share/man/man1/;
			dstSubfolderSpec = 0;
			files = (
			);
			runOnlyForDeploymentPostprocessing = 1;
		};
/* End PBXCopyFilesBuildPhase section */

/* Begin PBXFileReference section */
		70B1CDB51C050CF700B19A93 /* CSCI6212Project_Minghao */ = {isa = PBXFileReference; explicitFileType = "compiled.mach-o.executable"; includeInIndex = 0; path = CSCI6212Project_Minghao; sourceTree = BUILT_PRODUCTS_DIR; };
		70B1CDB81C050CF700B19A93 /* main.cpp */ = {isa = PBXFileReference; lastKnownFileType = sourcecode.cpp.cpp; path = main.cpp; sourceTree = "<group>"; };
/* End PBXFileReference section */

/* Begin PBXFrameworksBuildPhase section */
		70B1CDB21C050CF700B19A93 /* Frameworks */ = {
			isa = PBXFrameworksBuildPhase;
			buildActionMask = 2147483647;
			files = (
			);
			runOnlyForDeploymentPostprocessing = 0;
		};
/* End PBXFrameworksBuildPhase section */

/* Begin PBXGroup section */
		70B1CDAC1C050CF700B19A93 = {
			isa = PBXGroup;
			children = (
				70B1CDB71C050CF700B19A93 /* CSCI6212Project_Minghao */,
				70B1CDB61C050CF700B19A93 /* Products */,
			);
			sourceTree = "<group>";
		};
		70B1CDB61C050CF700B19A93 /* Products */ = {
			isa = PBXGroup;
			children = (
				70B1CDB51C050CF700B19A93 /* CSCI6212Project_Minghao */,
			);
			name = Products;
			sourceTree = "<group>";
		};
		70B1CDB71C050CF700B19A93 /* CSCI6212Project_Minghao */ = {
			isa = PBXGroup;
			children = (
				70B1CDB81C050CF700B19A93 /* main.cpp */,
			);
			path = CSCI6212Project_Minghao;
			sourceTree = "<group>";
		};
/* End PBXGroup section */

/* Begin PBXNativeTarget section */
		70B1CDB41C050CF700B19A93 /* CSCI6212Project_Minghao */ = {
			isa = PBXNativeTarget;
			buildConfigurationList = 70B1CDBC1C050CF700B19A93 /* Build configuration list for PBXNativeTarget "CSCI6212Project_Minghao" */;
			buildPhases = (
				70B1CDB11C050CF700B19A93 /* Sources */,
				70B1CDB21C050CF700B19A93 /* Frameworks */,
				70B1CDB31C050CF700B19A93 /* CopyFiles */,
			);
			buildRules = (
			);
			dependencies = (
			);
			name = CSCI6212Project_Minghao;
			productName = CSCI6212Project_Minghao;
			productReference = 70B1CDB51C050CF700B19A93 /* CSCI6212Project_Minghao */;
			productType = "com.apple.product-type.tool";
		};
/* End PBXNativeTarget section */

/* Begin PBXProject section */
		70B1CDAD1C050CF700B19A93 /* Project object */ = {
			isa = PBXProject;
			attributes = {
				LastUpgradeCheck = 0710;
				ORGANIZATIONNAME = "Geroge Washington University";
				TargetAttributes = {
					70B1CDB41C050CF700B19A93 = {
						CreatedOnToolsVersion = 7.1.1;
					};
				};
			};
			buildConfigurationList = 70B1CDB01C050CF700B19A93 /* Build configuration list for PBXProject "CSCI6212Project_Minghao" */;
			compatibilityVersion = "Xcode 3.2";
			developmentRegion = English;
			hasScannedForEncodings = 0;
			knownRegions = (
				en,
			);
			mainGroup = 70B1CDAC1C050CF700B19A93;
			productRefGroup = 70B1CDB61C050CF700B19A93 /* Products */;
			projectDirPath = "";
			projectRoot = "";
			targets = (
				70B1CDB41C050CF700B19A93 /* CSCI6212Project_Minghao */,
			);
		};
/* End PBXProject section */

/* Begin PBXSourcesBuildPhase section */
		70B1CDB11C050CF700B19A93 /* Sources */ = {
			isa = PBXSourcesBuildPhase;
			buildActionMask = 2147483647;
			files = (
				70B1CDB91C050CF700B19A93 /* main.cpp in Sources */,
			);
			runOnlyForDeploymentPostprocessing = 0;
		};
/* End PBXSourcesBuildPhase section */

/* Begin XCBuildConfiguration section */
		70B1CDBA1C050CF700B19A93 /* Debug */ = {
			isa = XCBuildConfiguration;
			buildSettings = {
				ALWAYS_SEARCH_USER_PATHS = NO;
				CLANG_CXX_LANGUAGE_STANDARD = "gnu++0x";
				CLANG_CXX_LIBRARY = "libc++";
				CLANG_ENABLE_MODULES = YES;
				CLANG_ENABLE_OBJC_ARC = YES;
				CLANG_WARN_BOOL_CONVERSION = YES;
				CLANG_WARN_CONSTANT_CONVERSION = YES;
				CLANG_WARN_DIRECT_OBJC_ISA_USAGE = YES_ERROR;
				CLANG_WARN_EMPTY_BODY = YES;
				CLANG_WARN_ENUM_CONVERSION = YES;
				CLANG_WARN_INT_CONVERSION = YES;
				CLANG_WARN_OBJC_ROOT_CLASS = YES_ERROR;
				CLANG_WARN_UNREACHABLE_CODE = YES;
				CLANG_WARN__DUPLICATE_METHOD_MATCH = YES;
				CODE_SIGN_IDENTITY = "-";
				COPY_PHASE_STRIP = NO;
				DEBUG_INFORMATION_FORMAT = dwarf;
				ENABLE_STRICT_OBJC_MSGSEND = YES;
				ENABLE_TESTABILITY = YES;
				GCC_C_LANGUAGE_STANDARD = gnu99;
				GCC_DYNAMIC_NO_PIC = NO;
				GCC_NO_COMMON_BLOCKS = YES;
				GCC_OPTIMIZATION_LEVEL = 0;
				GCC_PREPROCESSOR_DEFINITIONS = (
					"DEBUG=1",
					"$(inherited)",
				);
				GCC_WARN_64_TO_32_BIT_CONVERSION = YES;
				GCC_WARN_ABOUT_RETURN_TYPE = YES_ERROR;
				GCC_WARN_UNDECLARED_SELECTOR = YES;
				GCC_WARN_UNINITIALIZED_AUTOS = YES_AGGRESSIVE;
				GCC_WARN_UNUSED_FUNCTION = YES;
				GCC_WARN_UNUSED_VARIABLE = YES;
				MACOSX_DEPLOYMENT_TARGET = 10.11;
				MTL_ENABLE_DEBUG_INFO = YES;
				ONLY_ACTIVE_ARCH = YES;
				SDKROOT = macosx;
			};
			name = Debug;
		};
		70B1CDBB1C050CF700B19A93 /* Release */ = {
			isa = XCBuildConfiguration;
			buildSettings = {
				ALWAYS_SEARCH_USER_PATHS = NO;
				CLANG_CXX_LANGUAGE_STANDARD = "gnu++0x";
				CLANG_CXX_LIBRARY = "libc++";
				CLANG_ENABLE_MODULES = YES;
				CLANG_ENABLE_OBJC_ARC = YES;
				CLANG_WARN_BOOL_CONVERSION = YES;
				CLANG_WARN_CONSTANT_CONVERSION = YES;
				CLANG_WARN_DIRECT_OBJC_ISA_USAGE = YES_ERROR;
				CLANG_WARN_EMPTY_BODY = YES;
				CLANG_WARN_ENUM_CONVERSION = YES;
				CLANG_WARN_INT_CONVERSION = YES;
				CLANG_WARN_OBJC_ROOT_CLASS = YES_ERROR;
				CLANG_WARN_UNREACHABLE_CODE = YES;
				CLANG_WARN__DUPLICATE_METHOD_MATCH = YES;
				CODE_SIGN_IDENTITY = "-";
				COPY_PHASE_STRIP = NO;
				DEBUG_INFORMATION_FORMAT = "dwarf-with-dsym";
				ENABLE_NS_ASSERTIONS = NO;
				ENABLE_STRICT_OBJC_MSGSEND = YES;
				GCC_C_LANGUAGE_STANDARD = gnu99;
				GCC_NO_COMMON_BLOCKS = YES;
				GCC_WARN_64_TO_32_BIT_CONVERSION = YES;
				GCC_WARN_ABOUT_RETURN_TYPE = YES_ERROR;
				GCC_WARN_UNDECLARED_SELECTOR = YES;
				GCC_WARN_UNINITIALIZED_AUTOS = YES_AGGRESSIVE;
				GCC_WARN_UNUSED_FUNCTION = YES;
				GCC_WARN_UNUSED_VARIABLE = YES;
				MACOSX_DEPLOYMENT_TARGET = 10.11;
				MTL_ENABLE_DEBUG_INFO = NO;
				SDKROOT = macosx;
			};
			name = Release;
		};
		70B1CDBD1C050CF700B19A93 /* Debug */ = {
			isa = XCBuildConfiguration;
			buildSettings = {
				PRODUCT_NAME = "$(TARGET_NAME)";
			};
			name = Debug;
		};
		70B1CDBE1C050CF700B19A93 /* Release */ = {
			isa = XCBuildConfiguration;
			buildSettings = {
				PRODUCT_NAME = "$(TARGET_NAME)";
			};
			name = Release;
		};
/* End XCBuildConfiguration section */

/* Begin XCConfigurationList section */
		70B1CDB01C050CF700B19A93 /* Build configuration list for PBXProject "CSCI6212Project_Minghao" */ = {
			isa = XCConfigurationList;
			buildConfigurations = (
				70B1CDBA1C050CF700B19A93 /* Debug */,
				70B1CDBB1C050CF700B19A93 /* Release */,
			);
			defaultConfigurationIsVisible = 0;
			defaultConfigurationName = Release;
		};
		70B1CDBC1C050CF700B19A93 /* Build configuration list for PBXNativeTarget "CSCI6212Project_Minghao" */ = {
			isa = XCConfigurationList;
			buildConfigurations = (
				70B1CDBD1C050CF700B19A93 /* Debug */,
				70B1CDBE1C050CF700B19A93 /* Release */,
			);
			defaultConfigurationIsVisible = 0;
		};
/* End XCConfigurationList section */
	};
	rootObject = 70B1CDAD1C050CF700B19A93 /* Project object */;
}
